{
  "requires": true,
  "lockfileVersion": 1,
  "dependencies": {
    "json.js": {
      "version": "1.0.0",
      "resolved": "https://registry.npmjs.org/json.js/-/json.js-1.0.0.tgz",
      "integrity": "sha512-b7j1os79RuzCrDIKiw46H+ouMdb+Rm4tf3yGgiAmK5r7ZUXGMti1SG0oy5RMNcA4laU7S9BzNfZ6VOCMeaKcCw=="
    }
  }
}
